
Microsoft Visual Studio Solution File, Format Version 11.00
# Visual C++ Express 2010
Project("{8BC9CEB8-8B4A-11D0-8D11-00A0C91BC942}") = "after_class_exercise 14", "after_class_exercise 14\after_class_exercise 14.vcxproj", "{1076A751-CC95-41D5-AA9D-4CFB7766C633}"
EndProject
Global
	GlobalSection(SolutionConfigurationPlatforms) = preSolution
		Debug|Win32 = Debug|Win32
		Release|Win32 = Release|Win32
	EndGlobalSection
	GlobalSection(ProjectConfigurationPlatforms) = postSolution
		{1076A751-CC95-41D5-AA9D-4CFB7766C633}.Debug|Win32.ActiveCfg = Debug|Win32
		{1076A751-CC95-41D5-AA9D-4CFB7766C633}.Debug|Win32.Build.0 = Debug|Win32
		{1076A751-CC95-41D5-AA9D-4CFB7766C633}.Release|Win32.ActiveCfg = Release|Win32
		{1076A751-CC95-41D5-AA9D-4CFB7766C633}.Release|Win32.Build.0 = Release|Win32
	EndGlobalSection
	GlobalSection(SolutionProperties) = preSolution
		HideSolutionNode = FALSE
	EndGlobalSection
EndGlobal
