
Microsoft Visual Studio Solution File, Format Version 11.00
# Visual C++ Express 2010
Project("{8BC9CEB8-8B4A-11D0-8D11-00A0C91BC942}") = "after_class_exercise 12", "after_class_exercise 12\after_class_exercise 12.vcxproj", "{C8D58B7B-1448-4C60-B53D-7404B1FBA2A0}"
EndProject
Global
	GlobalSection(SolutionConfigurationPlatforms) = preSolution
		Debug|Win32 = Debug|Win32
		Release|Win32 = Release|Win32
	EndGlobalSection
	GlobalSection(ProjectConfigurationPlatforms) = postSolution
		{C8D58B7B-1448-4C60-B53D-7404B1FBA2A0}.Debug|Win32.ActiveCfg = Debug|Win32
		{C8D58B7B-1448-4C60-B53D-7404B1FBA2A0}.Debug|Win32.Build.0 = Debug|Win32
		{C8D58B7B-1448-4C60-B53D-7404B1FBA2A0}.Release|Win32.ActiveCfg = Release|Win32
		{C8D58B7B-1448-4C60-B53D-7404B1FBA2A0}.Release|Win32.Build.0 = Release|Win32
	EndGlobalSection
	GlobalSection(SolutionProperties) = preSolution
		HideSolutionNode = FALSE
	EndGlobalSection
EndGlobal
